
Microsoft Visual Studio Solution File, Format Version 12.00
# Visual Studio Version 16
VisualStudioVersion = 16.0.29613.14
MinimumVisualStudioVersion = 10.0.40219.1
Project("{FAE04EC0-301F-11D3-BF4B-00C04F79EFBC}") = "DecisionTree", "DecisionTree\DecisionTree.csproj", "{8305C8C1-C525-46D5-89D3-54D5B688AA48}"
EndProject
Global
	GlobalSection(SolutionConfigurationPlatforms) = preSolution
		Debug|Any CPU = Debug|Any CPU
		Release|Any CPU = Release|Any CPU
	EndGlobalSection
	GlobalSection(ProjectConfigurationPlatforms) = postSolution
		{8305C8C1-C525-46D5-89D3-54D5B688AA48}.Debug|Any CPU.ActiveCfg = Debug|Any CPU
		{8305C8C1-C525-46D5-89D3-54D5B688AA48}.Debug|Any CPU.Build.0 = Debug|Any CPU
		{8305C8C1-C525-46D5-89D3-54D5B688AA48}.Release|Any CPU.ActiveCfg = Release|Any CPU
		{8305C8C1-C525-46D5-89D3-54D5B688AA48}.Release|Any CPU.Build.0 = Release|Any CPU
	EndGlobalSection
	GlobalSection(SolutionProperties) = preSolution
		HideSolutionNode = FALSE
	EndGlobalSection
	GlobalSection(ExtensibilityGlobals) = postSolution
		SolutionGuid = {4D866B7E-BBA8-4C4D-86CF-1F36C1E0CAC0}
	EndGlobalSection
EndGlobal
